
Microsoft Visual Studio Solution File, Format Version 12.00
# Visual Studio Version 17
VisualStudioVersion = 17.10.34814.14
MinimumVisualStudioVersion = 10.0.40219.1
Project("{9A19103F-16F7-4668-BE54-9A1E7A4F7556}") = "Foody.EntityLayer", "Foody.EntityLayer\Foody.EntityLayer.csproj", "{6FE1E91B-9E00-496C-A547-43E89E712F8C}"
EndProject
Project("{9A19103F-16F7-4668-BE54-9A1E7A4F7556}") = "Foody.DataAccessLayer", "Foody.DataAccessLayer\Foody.DataAccessLayer.csproj", "{E509538F-772A-4BF0-B4C9-55BD84BF259D}"
EndProject
Project("{FAE04EC0-301F-11D3-BF4B-00C04F79EFBC}") = "Foody.BusinessLayer", "Foody.BusinessLayer\Foody.BusinessLayer.csproj", "{ABD8EA1F-A915-4DB4-ABCA-B8AD67B589E8}"
EndProject
Project("{FAE04EC0-301F-11D3-BF4B-00C04F79EFBC}") = "Foody.PresentationLayer", "Foody.PresentationLayer\Foody.PresentationLayer.csproj", "{14ECBA60-9C7E-4D55-ABBA-FD5A341CC15C}"
EndProject
Global
	GlobalSection(SolutionConfigurationPlatforms) = preSolution
		Debug|Any CPU = Debug|Any CPU
		Release|Any CPU = Release|Any CPU
	EndGlobalSection
	GlobalSection(ProjectConfigurationPlatforms) = postSolution
		{6FE1E91B-9E00-496C-A547-43E89E712F8C}.Debug|Any CPU.ActiveCfg = Debug|Any CPU
		{6FE1E91B-9E00-496C-A547-43E89E712F8C}.Debug|Any CPU.Build.0 = Debug|Any CPU
		{6FE1E91B-9E00-496C-A547-43E89E712F8C}.Release|Any CPU.ActiveCfg = Release|Any CPU
		{6FE1E91B-9E00-496C-A547-43E89E712F8C}.Release|Any CPU.Build.0 = Release|Any CPU
		{E509538F-772A-4BF0-B4C9-55BD84BF259D}.Debug|Any CPU.ActiveCfg = Debug|Any CPU
		{E509538F-772A-4BF0-B4C9-55BD84BF259D}.Debug|Any CPU.Build.0 = Debug|Any CPU
		{E509538F-772A-4BF0-B4C9-55BD84BF259D}.Release|Any CPU.ActiveCfg = Release|Any CPU
		{E509538F-772A-4BF0-B4C9-55BD84BF259D}.Release|Any CPU.Build.0 = Release|Any CPU
		{ABD8EA1F-A915-4DB4-ABCA-B8AD67B589E8}.Debug|Any CPU.ActiveCfg = Debug|Any CPU
		{ABD8EA1F-A915-4DB4-ABCA-B8AD67B589E8}.Debug|Any CPU.Build.0 = Debug|Any CPU
		{ABD8EA1F-A915-4DB4-ABCA-B8AD67B589E8}.Release|Any CPU.ActiveCfg = Release|Any CPU
		{ABD8EA1F-A915-4DB4-ABCA-B8AD67B589E8}.Release|Any CPU.Build.0 = Release|Any CPU
		{14ECBA60-9C7E-4D55-ABBA-FD5A341CC15C}.Debug|Any CPU.ActiveCfg = Debug|Any CPU
		{14ECBA60-9C7E-4D55-ABBA-FD5A341CC15C}.Debug|Any CPU.Build.0 = Debug|Any CPU
		{14ECBA60-9C7E-4D55-ABBA-FD5A341CC15C}.Release|Any CPU.ActiveCfg = Release|Any CPU
		{14ECBA60-9C7E-4D55-ABBA-FD5A341CC15C}.Release|Any CPU.Build.0 = Release|Any CPU
	EndGlobalSection
	GlobalSection(SolutionProperties) = preSolution
		HideSolutionNode = FALSE
	EndGlobalSection
	GlobalSection(ExtensibilityGlobals) = postSolution
		SolutionGuid = {968F1A02-0EFD-4F3C-889F-9C17C6E60C4F}
	EndGlobalSection
EndGlobal
